
Microsoft Visual Studio Solution File, Format Version 12.00
# Visual Studio Version 17
VisualStudioVersion = 17.14.36212.18 d17.14
MinimumVisualStudioVersion = 10.0.40219.1
Project("{8BC9CEB8-8B4A-11D0-8D11-00A0C91BC942}") = "BFS-Tree", "BFS-Tree\BFS-Tree.vcxproj", "{2574ABE8-EEDD-4379-AD77-0FA96ACD4693}"
EndProject
Global
	GlobalSection(SolutionConfigurationPlatforms) = preSolution
		Debug|x64 = Debug|x64
		Debug|x86 = Debug|x86
		Release|x64 = Release|x64
		Release|x86 = Release|x86
	EndGlobalSection
	GlobalSection(ProjectConfigurationPlatforms) = postSolution
		{2574ABE8-EEDD-4379-AD77-0FA96ACD4693}.Debug|x64.ActiveCfg = Debug|x64
		{2574ABE8-EEDD-4379-AD77-0FA96ACD4693}.Debug|x64.Build.0 = Debug|x64
		{2574ABE8-EEDD-4379-AD77-0FA96ACD4693}.Debug|x86.ActiveCfg = Debug|Win32
		{2574ABE8-EEDD-4379-AD77-0FA96ACD4693}.Debug|x86.Build.0 = Debug|Win32
		{2574ABE8-EEDD-4379-AD77-0FA96ACD4693}.Release|x64.ActiveCfg = Release|x64
		{2574ABE8-EEDD-4379-AD77-0FA96ACD4693}.Release|x64.Build.0 = Release|x64
		{2574ABE8-EEDD-4379-AD77-0FA96ACD4693}.Release|x86.ActiveCfg = Release|Win32
		{2574ABE8-EEDD-4379-AD77-0FA96ACD4693}.Release|x86.Build.0 = Release|Win32
	EndGlobalSection
	GlobalSection(SolutionProperties) = preSolution
		HideSolutionNode = FALSE
	EndGlobalSection
	GlobalSection(ExtensibilityGlobals) = postSolution
		SolutionGuid = {6AB40603-60A0-473C-B0C6-3519386AA846}
	EndGlobalSection
EndGlobal
